// !$*UTF8*$!
{
	archiveVersion = 1;
	classes = {
	};
	objectVersion = 45;
	objects = {

/* Begin PBXBuildFile section */
		29995B73131F1C0200E6C4D6 /* OCExampleGroup.h in Headers */ = {isa = PBXBuildFile; fileRef = 29995B51131F1C0200E6C4D6 /* OCExampleGroup.h */; settings = {ATTRIBUTES = (Public, ); }; };
		29995B74131F1C0200E6C4D6 /* OCExampleGroup.m in Sources */ = {isa = PBXBuildFile; fileRef = 29995B52131F1C0200E6C4D6 /* OCExampleGroup.m */; };
		29995B75131F1C0200E6C4D6 /* OCExampleResult.h in Headers */ = {isa = PBXBuildFile; fileRef = 29995B53131F1C0200E6C4D6 /* OCExampleResult.h */; settings = {ATTRIBUTES = (Public, ); }; };
		29995B76131F1C0200E6C4D6 /* OCExampleResult.m in Sources */ = {isa = PBXBuildFile; fileRef = 29995B54131F1C0200E6C4D6 /* OCExampleResult.m */; };
		29995B77131F1C0200E6C4D6 /* OCSpec.h in Headers */ = {isa = PBXBuildFile; fileRef = 29995B55131F1C0200E6C4D6 /* OCSpec.h */; settings = {ATTRIBUTES = (Public, ); }; };
		29995B78131F1C0200E6C4D6 /* OCSpecRunner.h in Headers */ = {isa = PBXBuildFile; fileRef = 29995B56131F1C0200E6C4D6 /* OCSpecRunner.h */; settings = {ATTRIBUTES = (Public, ); }; };
		29995B79131F1C0200E6C4D6 /* OCSpecRunner.m in Sources */ = {isa = PBXBuildFile; fileRef = 29995B57131F1C0200E6C4D6 /* OCSpecRunner.m */; };
		29995B7A131F1C0200E6C4D6 /* OCSpec_Prefix.pch in Headers */ = {isa = PBXBuildFile; fileRef = 29995B58131F1C0200E6C4D6 /* OCSpec_Prefix.pch */; };
		A4626A6D1419922D005544D6 /* SpecRunnerAppDelegate.h in Headers */ = {isa = PBXBuildFile; fileRef = A4626A5D1419922D005544D6 /* SpecRunnerAppDelegate.h */; };
		A4626A6E1419922D005544D6 /* SpecRunnerAppDelegate.m in Sources */ = {isa = PBXBuildFile; fileRef = A4626A5E1419922D005544D6 /* SpecRunnerAppDelegate.m */; };
		A4626A6F1419922D005544D6 /* SpecRunnerExampleResultCell.h in Headers */ = {isa = PBXBuildFile; fileRef = A4626A5F1419922D005544D6 /* SpecRunnerExampleResultCell.h */; };
		A4626A701419922D005544D6 /* SpecRunnerExampleResultCell.m in Sources */ = {isa = PBXBuildFile; fileRef = A4626A601419922D005544D6 /* SpecRunnerExampleResultCell.m */; };
		A4626A711419922D005544D6 /* SpecRunnerGroupResults.h in Headers */ = {isa = PBXBuildFile; fileRef = A4626A611419922D005544D6 /* SpecRunnerGroupResults.h */; };
		A4626A721419922D005544D6 /* SpecRunnerGroupResults.m in Sources */ = {isa = PBXBuildFile; fileRef = A4626A621419922D005544D6 /* SpecRunnerGroupResults.m */; };
		A4626A731419922D005544D6 /* SpecRunnerLabelValueCell.h in Headers */ = {isa = PBXBuildFile; fileRef = A4626A631419922D005544D6 /* SpecRunnerLabelValueCell.h */; };
		A4626A741419922D005544D6 /* SpecRunnerLabelValueCell.m in Sources */ = {isa = PBXBuildFile; fileRef = A4626A641419922D005544D6 /* SpecRunnerLabelValueCell.m */; };
		A4626A751419922D005544D6 /* SpecRunnerSpecResultDetailsController.h in Headers */ = {isa = PBXBuildFile; fileRef = A4626A651419922D005544D6 /* SpecRunnerSpecResultDetailsController.h */; };
		A4626A761419922D005544D6 /* SpecRunnerSpecResultDetailsController.m in Sources */ = {isa = PBXBuildFile; fileRef = A4626A661419922D005544D6 /* SpecRunnerSpecResultDetailsController.m */; };
		A4626A771419922D005544D6 /* SpecRunnerSpecResultErrorDetailsController.h in Headers */ = {isa = PBXBuildFile; fileRef = A4626A671419922D005544D6 /* SpecRunnerSpecResultErrorDetailsController.h */; };
		A4626A781419922D005544D6 /* SpecRunnerSpecResultErrorDetailsController.m in Sources */ = {isa = PBXBuildFile; fileRef = A4626A681419922D005544D6 /* SpecRunnerSpecResultErrorDetailsController.m */; };
		A4626A791419922D005544D6 /* SpecRunnerSpecResultsController.h in Headers */ = {isa = PBXBuildFile; fileRef = A4626A691419922D005544D6 /* SpecRunnerSpecResultsController.h */; };
		A4626A7A1419922D005544D6 /* SpecRunnerSpecResultsController.m in Sources */ = {isa = PBXBuildFile; fileRef = A4626A6A1419922D005544D6 /* SpecRunnerSpecResultsController.m */; };
		A4626A7B1419922D005544D6 /* SpecRunnerStatusView.h in Headers */ = {isa = PBXBuildFile; fileRef = A4626A6B1419922D005544D6 /* SpecRunnerStatusView.h */; };
		A4626A7C1419922D005544D6 /* SpecRunnerStatusView.m in Sources */ = {isa = PBXBuildFile; fileRef = A4626A6C1419922D005544D6 /* SpecRunnerStatusView.m */; };
		AACBBE4A0F95108600F1A2B1 /* Foundation.framework in Frameworks */ = {isa = PBXBuildFile; fileRef = AACBBE490F95108600F1A2B1 /* Foundation.framework */; };
/* End PBXBuildFile section */

/* Begin PBXFileReference section */
		29995B51131F1C0200E6C4D6 /* OCExampleGroup.h */ = {isa = PBXFileReference; fileEncoding = 4; lastKnownFileType = sourcecode.c.h; path = OCExampleGroup.h; sourceTree = "<group>"; };
		29995B52131F1C0200E6C4D6 /* OCExampleGroup.m */ = {isa = PBXFileReference; fileEncoding = 4; lastKnownFileType = sourcecode.c.objc; path = OCExampleGroup.m; sourceTree = "<group>"; };
		29995B53131F1C0200E6C4D6 /* OCExampleResult.h */ = {isa = PBXFileReference; fileEncoding = 4; lastKnownFileType = sourcecode.c.h; path = OCExampleResult.h; sourceTree = "<group>"; };
		29995B54131F1C0200E6C4D6 /* OCExampleResult.m */ = {isa = PBXFileReference; fileEncoding = 4; lastKnownFileType = sourcecode.c.objc; path = OCExampleResult.m; sourceTree = "<group>"; };
		29995B55131F1C0200E6C4D6 /* OCSpec.h */ = {isa = PBXFileReference; fileEncoding = 4; lastKnownFileType = sourcecode.c.h; path = OCSpec.h; sourceTree = "<group>"; };
		29995B56131F1C0200E6C4D6 /* OCSpecRunner.h */ = {isa = PBXFileReference; fileEncoding = 4; lastKnownFileType = sourcecode.c.h; path = OCSpecRunner.h; sourceTree = "<group>"; };
		29995B57131F1C0200E6C4D6 /* OCSpecRunner.m */ = {isa = PBXFileReference; fileEncoding = 4; lastKnownFileType = sourcecode.c.objc; path = OCSpecRunner.m; sourceTree = "<group>"; };
		29995B58131F1C0200E6C4D6 /* OCSpec_Prefix.pch */ = {isa = PBXFileReference; fileEncoding = 4; lastKnownFileType = sourcecode.c.h; path = OCSpec_Prefix.pch; sourceTree = "<group>"; };
		A4626A5D1419922D005544D6 /* SpecRunnerAppDelegate.h */ = {isa = PBXFileReference; fileEncoding = 4; lastKnownFileType = sourcecode.c.h; path = SpecRunnerAppDelegate.h; sourceTree = "<group>"; };
		A4626A5E1419922D005544D6 /* SpecRunnerAppDelegate.m */ = {isa = PBXFileReference; fileEncoding = 4; lastKnownFileType = sourcecode.c.objc; path = SpecRunnerAppDelegate.m; sourceTree = "<group>"; };
		A4626A5F1419922D005544D6 /* SpecRunnerExampleResultCell.h */ = {isa = PBXFileReference; fileEncoding = 4; lastKnownFileType = sourcecode.c.h; path = SpecRunnerExampleResultCell.h; sourceTree = "<group>"; };
		A4626A601419922D005544D6 /* SpecRunnerExampleResultCell.m */ = {isa = PBXFileReference; fileEncoding = 4; lastKnownFileType = sourcecode.c.objc; path = SpecRunnerExampleResultCell.m; sourceTree = "<group>"; };
		A4626A611419922D005544D6 /* SpecRunnerGroupResults.h */ = {isa = PBXFileReference; fileEncoding = 4; lastKnownFileType = sourcecode.c.h; path = SpecRunnerGroupResults.h; sourceTree = "<group>"; };
		A4626A621419922D005544D6 /* SpecRunnerGroupResults.m */ = {isa = PBXFileReference; fileEncoding = 4; lastKnownFileType = sourcecode.c.objc; path = SpecRunnerGroupResults.m; sourceTree = "<group>"; };
		A4626A631419922D005544D6 /* SpecRunnerLabelValueCell.h */ = {isa = PBXFileReference; fileEncoding = 4; lastKnownFileType = sourcecode.c.h; path = SpecRunnerLabelValueCell.h; sourceTree = "<group>"; };
		A4626A641419922D005544D6 /* SpecRunnerLabelValueCell.m */ = {isa = PBXFileReference; fileEncoding = 4; lastKnownFileType = sourcecode.c.objc; path = SpecRunnerLabelValueCell.m; sourceTree = "<group>"; };
		A4626A651419922D005544D6 /* SpecRunnerSpecResultDetailsController.h */ = {isa = PBXFileReference; fileEncoding = 4; lastKnownFileType = sourcecode.c.h; path = SpecRunnerSpecResultDetailsController.h; sourceTree = "<group>"; };
		A4626A661419922D005544D6 /* SpecRunnerSpecResultDetailsController.m */ = {isa = PBXFileReference; fileEncoding = 4; lastKnownFileType = sourcecode.c.objc; path = SpecRunnerSpecResultDetailsController.m; sourceTree = "<group>"; };
		A4626A671419922D005544D6 /* SpecRunnerSpecResultErrorDetailsController.h */ = {isa = PBXFileReference; fileEncoding = 4; lastKnownFileType = sourcecode.c.h; path = SpecRunnerSpecResultErrorDetailsController.h; sourceTree = "<group>"; };
		A4626A681419922D005544D6 /* SpecRunnerSpecResultErrorDetailsController.m */ = {isa = PBXFileReference; fileEncoding = 4; lastKnownFileType = sourcecode.c.objc; path = SpecRunnerSpecResultErrorDetailsController.m; sourceTree = "<group>"; };
		A4626A691419922D005544D6 /* SpecRunnerSpecResultsController.h */ = {isa = PBXFileReference; fileEncoding = 4; lastKnownFileType = sourcecode.c.h; path = SpecRunnerSpecResultsController.h; sourceTree = "<group>"; };
		A4626A6A1419922D005544D6 /* SpecRunnerSpecResultsController.m */ = {isa = PBXFileReference; fileEncoding = 4; lastKnownFileType = sourcecode.c.objc; path = SpecRunnerSpecResultsController.m; sourceTree = "<group>"; };
		A4626A6B1419922D005544D6 /* SpecRunnerStatusView.h */ = {isa = PBXFileReference; fileEncoding = 4; lastKnownFileType = sourcecode.c.h; path = SpecRunnerStatusView.h; sourceTree = "<group>"; };
		A4626A6C1419922D005544D6 /* SpecRunnerStatusView.m */ = {isa = PBXFileReference; fileEncoding = 4; lastKnownFileType = sourcecode.c.objc; path = SpecRunnerStatusView.m; sourceTree = "<group>"; };
		AACBBE490F95108600F1A2B1 /* Foundation.framework */ = {isa = PBXFileReference; lastKnownFileType = wrapper.framework; name = Foundation.framework; path = System/Library/Frameworks/Foundation.framework; sourceTree = SDKROOT; };
		D2AAC07E0554694100DB518D /* libOCSpec.a */ = {isa = PBXFileReference; explicitFileType = archive.ar; includeInIndex = 0; path = libOCSpec.a; sourceTree = BUILT_PRODUCTS_DIR; };
/* End PBXFileReference section */

/* Begin PBXFrameworksBuildPhase section */
		D2AAC07C0554694100DB518D /* Frameworks */ = {
			isa = PBXFrameworksBuildPhase;
			buildActionMask = 2147483647;
			files = (
				AACBBE4A0F95108600F1A2B1 /* Foundation.framework in Frameworks */,
			);
			runOnlyForDeploymentPostprocessing = 0;
		};
/* End PBXFrameworksBuildPhase section */

/* Begin PBXGroup section */
		034768DFFF38A50411DB9C8B /* Products */ = {
			isa = PBXGroup;
			children = (
				D2AAC07E0554694100DB518D /* libOCSpec.a */,
			);
			name = Products;
			sourceTree = "<group>";
		};
		0867D691FE84028FC02AAC07 /* OCSpec */ = {
			isa = PBXGroup;
			children = (
				29995B4F131F1C0200E6C4D6 /* Source */,
				0867D69AFE84028FC02AAC07 /* Frameworks */,
				034768DFFF38A50411DB9C8B /* Products */,
			);
			name = OCSpec;
			sourceTree = "<group>";
		};
		0867D69AFE84028FC02AAC07 /* Frameworks */ = {
			isa = PBXGroup;
			children = (
				AACBBE490F95108600F1A2B1 /* Foundation.framework */,
			);
			name = Frameworks;
			sourceTree = "<group>";
		};
		29995B4F131F1C0200E6C4D6 /* Source */ = {
			isa = PBXGroup;
			children = (
				29995B58131F1C0200E6C4D6 /* OCSpec_Prefix.pch */,
				29995B50131F1C0200E6C4D6 /* OCSpec */,
				29995B59131F1C0200E6C4D6 /* SpecRunner */,
			);
			path = Source;
			sourceTree = "<group>";
		};
		29995B50131F1C0200E6C4D6 /* OCSpec */ = {
			isa = PBXGroup;
			children = (
				29995B55131F1C0200E6C4D6 /* OCSpec.h */,
				29995B56131F1C0200E6C4D6 /* OCSpecRunner.h */,
				29995B57131F1C0200E6C4D6 /* OCSpecRunner.m */,
				29995B51131F1C0200E6C4D6 /* OCExampleGroup.h */,
				29995B52131F1C0200E6C4D6 /* OCExampleGroup.m */,
				29995B53131F1C0200E6C4D6 /* OCExampleResult.h */,
				29995B54131F1C0200E6C4D6 /* OCExampleResult.m */,
			);
			path = OCSpec;
			sourceTree = "<group>";
		};
		29995B59131F1C0200E6C4D6 /* SpecRunner */ = {
			isa = PBXGroup;
			children = (
				A4626A5D1419922D005544D6 /* SpecRunnerAppDelegate.h */,
				A4626A5E1419922D005544D6 /* SpecRunnerAppDelegate.m */,
				A4626A5F1419922D005544D6 /* SpecRunnerExampleResultCell.h */,
				A4626A601419922D005544D6 /* SpecRunnerExampleResultCell.m */,
				A4626A611419922D005544D6 /* SpecRunnerGroupResults.h */,
				A4626A621419922D005544D6 /* SpecRunnerGroupResults.m */,
				A4626A631419922D005544D6 /* SpecRunnerLabelValueCell.h */,
				A4626A641419922D005544D6 /* SpecRunnerLabelValueCell.m */,
				A4626A651419922D005544D6 /* SpecRunnerSpecResultDetailsController.h */,
				A4626A661419922D005544D6 /* SpecRunnerSpecResultDetailsController.m */,
				A4626A671419922D005544D6 /* SpecRunnerSpecResultErrorDetailsController.h */,
				A4626A681419922D005544D6 /* SpecRunnerSpecResultErrorDetailsController.m */,
				A4626A691419922D005544D6 /* SpecRunnerSpecResultsController.h */,
				A4626A6A1419922D005544D6 /* SpecRunnerSpecResultsController.m */,
				A4626A6B1419922D005544D6 /* SpecRunnerStatusView.h */,
				A4626A6C1419922D005544D6 /* SpecRunnerStatusView.m */,
			);
			path = SpecRunner;
			sourceTree = "<group>";
		};
/* End PBXGroup section */

/* Begin PBXHeadersBuildPhase section */
		D2AAC07A0554694100DB518D /* Headers */ = {
			isa = PBXHeadersBuildPhase;
			buildActionMask = 2147483647;
			files = (
				29995B73131F1C0200E6C4D6 /* OCExampleGroup.h in Headers */,
				29995B75131F1C0200E6C4D6 /* OCExampleResult.h in Headers */,
				29995B77131F1C0200E6C4D6 /* OCSpec.h in Headers */,
				29995B78131F1C0200E6C4D6 /* OCSpecRunner.h in Headers */,
				29995B7A131F1C0200E6C4D6 /* OCSpec_Prefix.pch in Headers */,
				A4626A6D1419922D005544D6 /* SpecRunnerAppDelegate.h in Headers */,
				A4626A6F1419922D005544D6 /* SpecRunnerExampleResultCell.h in Headers */,
				A4626A711419922D005544D6 /* SpecRunnerGroupResults.h in Headers */,
				A4626A731419922D005544D6 /* SpecRunnerLabelValueCell.h in Headers */,
				A4626A751419922D005544D6 /* SpecRunnerSpecResultDetailsController.h in Headers */,
				A4626A771419922D005544D6 /* SpecRunnerSpecResultErrorDetailsController.h in Headers */,
				A4626A791419922D005544D6 /* SpecRunnerSpecResultsController.h in Headers */,
				A4626A7B1419922D005544D6 /* SpecRunnerStatusView.h in Headers */,
			);
			runOnlyForDeploymentPostprocessing = 0;
		};
/* End PBXHeadersBuildPhase section */

/* Begin PBXNativeTarget section */
		D2AAC07D0554694100DB518D /* OCSpec */ = {
			isa = PBXNativeTarget;
			buildConfigurationList = 1DEB921E08733DC00010E9CD /* Build configuration list for PBXNativeTarget "OCSpec" */;
			buildPhases = (
				D2AAC07A0554694100DB518D /* Headers */,
				D2AAC07B0554694100DB518D /* Sources */,
				D2AAC07C0554694100DB518D /* Frameworks */,
			);
			buildRules = (
			);
			dependencies = (
			);
			name = OCSpec;
			productName = OCSpec;
			productReference = D2AAC07E0554694100DB518D /* libOCSpec.a */;
			productType = "com.apple.product-type.library.static";
		};
/* End PBXNativeTarget section */

/* Begin PBXProject section */
		0867D690FE84028FC02AAC07 /* Project object */ = {
			isa = PBXProject;
			buildConfigurationList = 1DEB922208733DC00010E9CD /* Build configuration list for PBXProject "OCSpec" */;
			compatibilityVersion = "Xcode 3.1";
			developmentRegion = English;
			hasScannedForEncodings = 1;
			knownRegions = (
				English,
				Japanese,
				French,
				German,
			);
			mainGroup = 0867D691FE84028FC02AAC07 /* OCSpec */;
			productRefGroup = 034768DFFF38A50411DB9C8B /* Products */;
			projectDirPath = "";
			projectRoot = "";
			targets = (
				D2AAC07D0554694100DB518D /* OCSpec */,
			);
		};
/* End PBXProject section */

/* Begin PBXSourcesBuildPhase section */
		D2AAC07B0554694100DB518D /* Sources */ = {
			isa = PBXSourcesBuildPhase;
			buildActionMask = 2147483647;
			files = (
				29995B74131F1C0200E6C4D6 /* OCExampleGroup.m in Sources */,
				29995B76131F1C0200E6C4D6 /* OCExampleResult.m in Sources */,
				29995B79131F1C0200E6C4D6 /* OCSpecRunner.m in Sources */,
				A4626A6E1419922D005544D6 /* SpecRunnerAppDelegate.m in Sources */,
				A4626A701419922D005544D6 /* SpecRunnerExampleResultCell.m in Sources */,
				A4626A721419922D005544D6 /* SpecRunnerGroupResults.m in Sources */,
				A4626A741419922D005544D6 /* SpecRunnerLabelValueCell.m in Sources */,
				A4626A761419922D005544D6 /* SpecRunnerSpecResultDetailsController.m in Sources */,
				A4626A781419922D005544D6 /* SpecRunnerSpecResultErrorDetailsController.m in Sources */,
				A4626A7A1419922D005544D6 /* SpecRunnerSpecResultsController.m in Sources */,
				A4626A7C1419922D005544D6 /* SpecRunnerStatusView.m in Sources */,
			);
			runOnlyForDeploymentPostprocessing = 0;
		};
/* End PBXSourcesBuildPhase section */

/* Begin XCBuildConfiguration section */
		1DEB921F08733DC00010E9CD /* Debug */ = {
			isa = XCBuildConfiguration;
			buildSettings = {
				ALWAYS_SEARCH_USER_PATHS = NO;
				ARCHS = "$(ARCHS_STANDARD_32_BIT)";
				COPY_PHASE_STRIP = NO;
				DSTROOT = /tmp/OCSpec.dst;
				GCC_DYNAMIC_NO_PIC = NO;
				GCC_ENABLE_FIX_AND_CONTINUE = YES;
				GCC_MODEL_TUNING = G5;
				GCC_OPTIMIZATION_LEVEL = 0;
				GCC_PRECOMPILE_PREFIX_HEADER = YES;
				GCC_PREFIX_HEADER = Source/OCSpec_Prefix.pch;
				INSTALL_PATH = /usr/local/lib;
				PRODUCT_NAME = OCSpec;
				PUBLIC_HEADERS_FOLDER_PATH = ../Headers;
			};
			name = Debug;
		};
		1DEB922008733DC00010E9CD /* Release */ = {
			isa = XCBuildConfiguration;
			buildSettings = {
				ALWAYS_SEARCH_USER_PATHS = NO;
				ARCHS = "$(ARCHS_STANDARD_32_BIT)";
				DSTROOT = /tmp/OCSpec.dst;
				GCC_MODEL_TUNING = G5;
				GCC_PRECOMPILE_PREFIX_HEADER = YES;
				GCC_PREFIX_HEADER = Source/OCSpec_Prefix.pch;
				INSTALL_PATH = /usr/local/lib;
				PRODUCT_NAME = OCSpec;
				PUBLIC_HEADERS_FOLDER_PATH = ../Headers;
			};
			name = Release;
		};
		1DEB922308733DC00010E9CD /* Debug */ = {
			isa = XCBuildConfiguration;
			buildSettings = {
				ARCHS = "$(ARCHS_STANDARD_32_BIT)";
				GCC_C_LANGUAGE_STANDARD = c99;
				GCC_OPTIMIZATION_LEVEL = 0;
				GCC_VERSION = com.apple.compilers.llvm.clang.1_0;
				GCC_WARN_ABOUT_RETURN_TYPE = YES;
				GCC_WARN_CHECK_SWITCH_STATEMENTS = YES;
				GCC_WARN_PEDANTIC = NO;
				GCC_WARN_SHADOW = YES;
				GCC_WARN_STRICT_SELECTOR_MATCH = YES;
				GCC_WARN_UNDECLARED_SELECTOR = YES;
				GCC_WARN_UNUSED_VARIABLE = YES;
				OTHER_LDFLAGS = "-ObjC";
				PREBINDING = NO;
				RUN_CLANG_STATIC_ANALYZER = YES;
				SDKROOT = iphoneos;
			};
			name = Debug;
		};
		1DEB922408733DC00010E9CD /* Release */ = {
			isa = XCBuildConfiguration;
			buildSettings = {
				ARCHS = "$(ARCHS_STANDARD_32_BIT)";
				GCC_C_LANGUAGE_STANDARD = c99;
				GCC_VERSION = com.apple.compilers.llvm.clang.1_0;
				GCC_WARN_ABOUT_RETURN_TYPE = YES;
				GCC_WARN_CHECK_SWITCH_STATEMENTS = YES;
				GCC_WARN_PEDANTIC = NO;
				GCC_WARN_SHADOW = YES;
				GCC_WARN_STRICT_SELECTOR_MATCH = YES;
				GCC_WARN_UNDECLARED_SELECTOR = YES;
				GCC_WARN_UNUSED_VARIABLE = YES;
				OTHER_LDFLAGS = "-ObjC";
				PREBINDING = NO;
				SDKROOT = iphoneos;
			};
			name = Release;
		};
/* End XCBuildConfiguration section */

/* Begin XCConfigurationList section */
		1DEB921E08733DC00010E9CD /* Build configuration list for PBXNativeTarget "OCSpec" */ = {
			isa = XCConfigurationList;
			buildConfigurations = (
				1DEB921F08733DC00010E9CD /* Debug */,
				1DEB922008733DC00010E9CD /* Release */,
			);
			defaultConfigurationIsVisible = 0;
			defaultConfigurationName = Release;
		};
		1DEB922208733DC00010E9CD /* Build configuration list for PBXProject "OCSpec" */ = {
			isa = XCConfigurationList;
			buildConfigurations = (
				1DEB922308733DC00010E9CD /* Debug */,
				1DEB922408733DC00010E9CD /* Release */,
			);
			defaultConfigurationIsVisible = 0;
			defaultConfigurationName = Release;
		};
/* End XCConfigurationList section */
	};
	rootObject = 0867D690FE84028FC02AAC07 /* Project object */;
}
